<?xml version="1.0" encoding="UTF-8" standalone="yes" ?>
<CodeBlocks_project_file>
	<FileVersion major="1" minor="6" />
	<Project>
		<Option title="Chapter6.4" />
		<Option pch_mode="2" />
		<Option compiler="gcc" />
		<Build>
			<Target title="Debug">
				<Option output="bin/Debug/Chapter6" prefix_auto="1" extension_auto="1" />
				<Option object_output="obj/Debug/" />
				<Option type="1" />
				<Option compiler="gcc" />
				<Compiler>
					<Add option="-g" />
					<Add directory="include" />
				</Compiler>
			</Target>
			<Target title="Release">
				<Option output="bin/Release/Chapter6" prefix_auto="1" extension_auto="1" />
				<Option object_output="obj/Release/" />
				<Option type="1" />
				<Option compiler="gcc" />
				<Compiler>
					<Add option="-O2" />
					<Add directory="include" />
				</Compiler>
				<Linker>
					<Add option="-s" />
				</Linker>
			</Target>
		</Build>
		<Compiler>
			<Add option="-Wall" />
			<Add option="-fexceptions" />
		</Compiler>
		<Unit filename="include/CeilingFan.h" />
		<Unit filename="include/CeilingFanHighCommand.h" />
		<Unit filename="include/CeilingFanMediumCommand.h" />
		<Unit filename="include/CeilingFanOffCommand.h" />
		<Unit filename="include/Command.h" />
		<Unit filename="include/GarageDoor.h" />
		<Unit filename="include/GarageDoorDownCommand.h" />
		<Unit filename="include/GarageDoorUpCommand.h" />
		<Unit filename="include/Light.h" />
		<Unit filename="include/LightOffCommand.h" />
		<Unit filename="include/LightOnCommand.h" />
		<Unit filename="include/NoCommand.h" />
		<Unit filename="include/RemoteControlWithUndo.h" />
		<Unit filename="include/Stereo.h" />
		<Unit filename="include/StereoOffCommand.h" />
		<Unit filename="include/StereoOnWithCDCommand.h" />
		<Unit filename="main.cpp" />
		<Unit filename="src/CeilingFan.cpp" />
		<Unit filename="src/CeilingFanHighCommand.cpp" />
		<Unit filename="src/CeilingFanMediumCommand.cpp" />
		<Unit filename="src/CeilingFanOffCommand.cpp" />
		<Unit filename="src/Command.cpp" />
		<Unit filename="src/GarageDoor.cpp" />
		<Unit filename="src/GarageDoorDownCommand.cpp" />
		<Unit filename="src/GarageDoorUpCommand.cpp" />
		<Unit filename="src/Light.cpp" />
		<Unit filename="src/LightOffCommand.cpp" />
		<Unit filename="src/LightOnCommand.cpp" />
		<Unit filename="src/NoCommand.cpp" />
		<Unit filename="src/RemoteControlWithUndo.cpp" />
		<Unit filename="src/Stereo.cpp" />
		<Unit filename="src/StereoOffCommand.cpp" />
		<Unit filename="src/StereoOnWithCDCommand.cpp" />
		<Extensions>
			<lib_finder disable_auto="1" />
		</Extensions>
	</Project>
</CodeBlocks_project_file>
